schema: '2.0'
stages:
  load_data:
    cmd: python src/load_data.py --config=params.yaml
    deps:
    - path: data_source/winequality.csv
      md5: ccc8d3507eb151f53f760d36abdef888
      size: 91998
    - path: src/get_data.py
      md5: 711c67906af833fd61f2855817ee8fd8
      size: 704
    - path: src/load_data.py
      md5: dcf996a87a9a81aa36fd1354855199c3
      size: 691
    outs:
    - path: data/raw/winequality.csv
      md5: d98e8f2eca228c11c4de1cc96866a54d
      size: 93598
  split_data:
    cmd: python src/split_data.py --config=params.yaml
    deps:
    - path: data/raw/winequality.csv
      md5: d98e8f2eca228c11c4de1cc96866a54d
      size: 93598
    - path: src/split_data.py
      md5: b86c3252dee440d0ea3af5dd81143d15
      size: 1099
    outs:
    - path: data/processed/test_winequality.csv
      md5: 6f7c5d87f31a7241324c926968349036
      size: 18855
    - path: data/processed/train_winequality.csv
      md5: bdcf3dd136facc6dba00de7903396e95
      size: 74889
  train_and_evaluate:
    cmd: python src/train_and_evaluate.py --config=params.yaml
    deps:
    - path: data/processed/test_winequality.csv
      md5: 6f7c5d87f31a7241324c926968349036
      size: 18855
    - path: data/processed/train_winequality.csv
      md5: bdcf3dd136facc6dba00de7903396e95
      size: 74889
    - path: src/train_and_evaluate.py
      md5: 9679ba76594c0a3571b3a7b7af4faf05
      size: 2720
    params:
      params.yaml:
        estimators.ElasticNet.params.alpha: 0.9
        estimators.ElasticNet.params.l1_ratio: 0.4
    outs:
    - path: reports/params.json
      md5: a4aab0167612f21a6085dd05cfafdbf6
      size: 44
    - path: reports/scores.json
      md5: 5a1920ec203d0091b8afeef3ba92b3bf
      size: 100
    - path: saved_models/model.joblib
      md5: e1f1742e11a87848b2661c0429f3a3ab
      size: 818
